{
  "version": "5",
  "specifiers": {
    "jsr:@std/cli@*": "1.0.25",
    "jsr:@std/encoding@*": "1.0.10",
    "npm:youtubei.js@^16.0.1": "16.0.1"
  },
  "jsr": {
    "@std/cli@1.0.25": {
      "integrity": "1f85051b370c97a7a9dfc6ba626e7ed57a91bea8c081597276d1e78d929d8c91"
    },
    "@std/encoding@1.0.10": {
      "integrity": "8783c6384a2d13abd5e9e87a7ae0520a30e9f56aeeaa3bdf910a3eaaf5c811a1"
    }
  },
  "npm": {
    "@bufbuild/protobuf@2.10.1": {
      "integrity": "sha512-ckS3+vyJb5qGpEYv/s1OebUHDi/xSNtfgw1wqKZo7MR9F2z+qXr0q5XagafAG/9O0QPVIUfST0smluYSTpYFkg=="
    },
    "meriyah@6.1.4": {
      "integrity": "sha512-Sz8FzjzI0kN13GK/6MVEsVzMZEPvOhnmmI1lU5+/1cGOiK3QUahntrNNtdVeihrO7t9JpoH75iMNXg6R6uWflQ=="
    },
    "youtubei.js@16.0.1": {
      "integrity": "sha512-3802bCAGkBc2/G5WUTc0l/bO5mPYJbQAHL04d9hE9PnrDHoBUT8MN721Yqt4RCNncAXdHcfee9VdJy3Fhq1r5g==",
      "dependencies": [
        "@bufbuild/protobuf",
        "meriyah"
      ]
    }
  },
  "workspace": {
    "dependencies": [
      "npm:youtubei.js@^16.0.1"
    ]
  }
}
