{
  "version": "5",
  "specifiers": {
    "jsr:@std/cli@1": "1.0.25",
    "jsr:@std/internal@^1.0.12": "1.0.12",
    "jsr:@std/path@1": "1.1.4",
    "npm:youtubei.js@^16.0.1": "16.0.1"
  },
  "jsr": {
    "@std/cli@1.0.25": {
      "integrity": "1f85051b370c97a7a9dfc6ba626e7ed57a91bea8c081597276d1e78d929d8c91"
    },
    "@std/internal@1.0.12": {
      "integrity": "972a634fd5bc34b242024402972cd5143eac68d8dffaca5eaa4dba30ce17b027"
    },
    "@std/path@1.1.4": {
      "integrity": "1d2d43f39efb1b42f0b1882a25486647cb851481862dc7313390b2bb044314b5",
      "dependencies": [
        "jsr:@std/internal"
      ]
    }
  },
  "npm": {
    "@bufbuild/protobuf@2.10.1": {
      "integrity": "sha512-ckS3+vyJb5qGpEYv/s1OebUHDi/xSNtfgw1wqKZo7MR9F2z+qXr0q5XagafAG/9O0QPVIUfST0smluYSTpYFkg=="
    },
    "meriyah@6.1.4": {
      "integrity": "sha512-Sz8FzjzI0kN13GK/6MVEsVzMZEPvOhnmmI1lU5+/1cGOiK3QUahntrNNtdVeihrO7t9JpoH75iMNXg6R6uWflQ=="
    },
    "youtubei.js@16.0.1": {
      "integrity": "sha512-3802bCAGkBc2/G5WUTc0l/bO5mPYJbQAHL04d9hE9PnrDHoBUT8MN721Yqt4RCNncAXdHcfee9VdJy3Fhq1r5g==",
      "dependencies": [
        "@bufbuild/protobuf",
        "meriyah"
      ]
    }
  },
  "workspace": {
    "dependencies": [
      "npm:youtubei.js@^16.0.1"
    ]
  }
}
